
Microsoft Visual Studio Solution File, Format Version 12.00
# Visual Studio 2013
VisualStudioVersion = 12.0.30324.0
MinimumVisualStudioVersion = 10.0.40219.1
Project("{FAE04EC0-301F-11D3-BF4B-00C04F79EFBC}") = "OutlierProtege", "OutlierProtege\OutlierProtege.csproj", "{01419000-60F3-400C-AD2E-CBED16D8BFC8}"
EndProject
Project("{2150E333-8FDC-42A3-9474-1A3956D46DE8}") = "PublishScripts", "PublishScripts", "{9F0E11F2-58CF-4DCA-A839-50BCFCAD8FB6}"
	ProjectSection(SolutionItems) = preProject
		PublishScripts\AzureWebAppPublishModule.psm1 = PublishScripts\AzureWebAppPublishModule.psm1
		PublishScripts\Publish-WebApplication.ps1 = PublishScripts\Publish-WebApplication.ps1
	EndProjectSection
EndProject
Project("{2150E333-8FDC-42A3-9474-1A3956D46DE8}") = "Configurations", "Configurations", "{1A1824E8-3058-443A-A4FC-BE08E738A400}"
	ProjectSection(SolutionItems) = preProject
		PublishScripts\Configurations\OutlierProtege-WAWS-dev.json = PublishScripts\Configurations\OutlierProtege-WAWS-dev.json
	EndProjectSection
EndProject
Global
	GlobalSection(SolutionConfigurationPlatforms) = preSolution
		Debug|Any CPU = Debug|Any CPU
		Release|Any CPU = Release|Any CPU
	EndGlobalSection
	GlobalSection(ProjectConfigurationPlatforms) = postSolution
		{01419000-60F3-400C-AD2E-CBED16D8BFC8}.Debug|Any CPU.ActiveCfg = Debug|Any CPU
		{01419000-60F3-400C-AD2E-CBED16D8BFC8}.Debug|Any CPU.Build.0 = Debug|Any CPU
		{01419000-60F3-400C-AD2E-CBED16D8BFC8}.Release|Any CPU.ActiveCfg = Release|Any CPU
		{01419000-60F3-400C-AD2E-CBED16D8BFC8}.Release|Any CPU.Build.0 = Release|Any CPU
	EndGlobalSection
	GlobalSection(SolutionProperties) = preSolution
		HideSolutionNode = FALSE
	EndGlobalSection
	GlobalSection(NestedProjects) = preSolution
		{1A1824E8-3058-443A-A4FC-BE08E738A400} = {9F0E11F2-58CF-4DCA-A839-50BCFCAD8FB6}
	EndGlobalSection
EndGlobal
